
Microsoft Visual Studio Solution File, Format Version 12.00
# Visual Studio Version 16
VisualStudioVersion = 16.0.30011.22
MinimumVisualStudioVersion = 10.0.40219.1
Project("{FAE04EC0-301F-11D3-BF4B-00C04F79EFBC}") = "BornToRace.UWP", "BornToRace.UWP\BornToRace.UWP.csproj", "{F489CA17-5588-430D-86A3-B3C7E37C08B9}"
EndProject
Project("{FAE04EC0-301F-11D3-BF4B-00C04F79EFBC}") = "BornToRace.Android", "BornToRace.Android\BornToRace.Android.csproj", "{2E7E6E75-4959-4C58-BE96-AB669D7522CA}"
EndProject
Project("{FAE04EC0-301F-11D3-BF4B-00C04F79EFBC}") = "BornToRace.iOS", "BornToRace.iOS\BornToRace.iOS.csproj", "{4B5A944E-8C8C-4B40-834E-70AD74C38808}"
EndProject
Project("{FAE04EC0-301F-11D3-BF4B-00C04F79EFBC}") = "BornToRace", "BornToRace\BornToRace.csproj", "{AB401482-C3D1-47AE-8975-A9500769C7BF}"
EndProject
Global
	GlobalSection(SolutionConfigurationPlatforms) = preSolution
		Debug|Any CPU = Debug|Any CPU
		Debug|ARM = Debug|ARM
		Debug|iPhone = Debug|iPhone
		Debug|iPhoneSimulator = Debug|iPhoneSimulator
		Debug|x64 = Debug|x64
		Debug|x86 = Debug|x86
		Release|Any CPU = Release|Any CPU
		Release|ARM = Release|ARM
		Release|iPhone = Release|iPhone
		Release|iPhoneSimulator = Release|iPhoneSimulator
		Release|x64 = Release|x64
		Release|x86 = Release|x86
	EndGlobalSection
	GlobalSection(ProjectConfigurationPlatforms) = postSolution
		{F489CA17-5588-430D-86A3-B3C7E37C08B9}.Debug|Any CPU.ActiveCfg = Debug|x86
		{F489CA17-5588-430D-86A3-B3C7E37C08B9}.Debug|Any CPU.Build.0 = Debug|x86
		{F489CA17-5588-430D-86A3-B3C7E37C08B9}.Debug|Any CPU.Deploy.0 = Debug|x86
		{F489CA17-5588-430D-86A3-B3C7E37C08B9}.Debug|ARM.ActiveCfg = Debug|ARM
		{F489CA17-5588-430D-86A3-B3C7E37C08B9}.Debug|ARM.Build.0 = Debug|ARM
		{F489CA17-5588-430D-86A3-B3C7E37C08B9}.Debug|ARM.Deploy.0 = Debug|ARM
		{F489CA17-5588-430D-86A3-B3C7E37C08B9}.Debug|iPhone.ActiveCfg = Debug|x86
		{F489CA17-5588-430D-86A3-B3C7E37C08B9}.Debug|iPhone.Build.0 = Debug|x86
		{F489CA17-5588-430D-86A3-B3C7E37C08B9}.Debug|iPhone.Deploy.0 = Debug|x86
		{F489CA17-5588-430D-86A3-B3C7E37C08B9}.Debug|iPhoneSimulator.ActiveCfg = Debug|x86
		{F489CA17-5588-430D-86A3-B3C7E37C08B9}.Debug|iPhoneSimulator.Build.0 = Debug|x86
		{F489CA17-5588-430D-86A3-B3C7E37C08B9}.Debug|iPhoneSimulator.Deploy.0 = Debug|x86
		{F489CA17-5588-430D-86A3-B3C7E37C08B9}.Debug|x64.ActiveCfg = Debug|x64
		{F489CA17-5588-430D-86A3-B3C7E37C08B9}.Debug|x64.Build.0 = Debug|x64
		{F489CA17-5588-430D-86A3-B3C7E37C08B9}.Debug|x64.Deploy.0 = Debug|x64
		{F489CA17-5588-430D-86A3-B3C7E37C08B9}.Debug|x86.ActiveCfg = Debug|x86
		{F489CA17-5588-430D-86A3-B3C7E37C08B9}.Debug|x86.Build.0 = Debug|x86
		{F489CA17-5588-430D-86A3-B3C7E37C08B9}.Debug|x86.Deploy.0 = Debug|x86
		{F489CA17-5588-430D-86A3-B3C7E37C08B9}.Release|Any CPU.ActiveCfg = Release|x86
		{F489CA17-5588-430D-86A3-B3C7E37C08B9}.Release|Any CPU.Build.0 = Release|x86
		{F489CA17-5588-430D-86A3-B3C7E37C08B9}.Release|Any CPU.Deploy.0 = Release|x86
		{F489CA17-5588-430D-86A3-B3C7E37C08B9}.Release|ARM.ActiveCfg = Release|ARM
		{F489CA17-5588-430D-86A3-B3C7E37C08B9}.Release|ARM.Build.0 = Release|ARM
		{F489CA17-5588-430D-86A3-B3C7E37C08B9}.Release|ARM.Deploy.0 = Release|ARM
		{F489CA17-5588-430D-86A3-B3C7E37C08B9}.Release|iPhone.ActiveCfg = Release|x86
		{F489CA17-5588-430D-86A3-B3C7E37C08B9}.Release|iPhone.Build.0 = Release|x86
		{F489CA17-5588-430D-86A3-B3C7E37C08B9}.Release|iPhone.Deploy.0 = Release|x86
		{F489CA17-5588-430D-86A3-B3C7E37C08B9}.Release|iPhoneSimulator.ActiveCfg = Release|x86
		{F489CA17-5588-430D-86A3-B3C7E37C08B9}.Release|iPhoneSimulator.Build.0 = Release|x86
		{F489CA17-5588-430D-86A3-B3C7E37C08B9}.Release|iPhoneSimulator.Deploy.0 = Release|x86
		{F489CA17-5588-430D-86A3-B3C7E37C08B9}.Release|x64.ActiveCfg = Release|x64
		{F489CA17-5588-430D-86A3-B3C7E37C08B9}.Release|x64.Build.0 = Release|x64
		{F489CA17-5588-430D-86A3-B3C7E37C08B9}.Release|x64.Deploy.0 = Release|x64
		{F489CA17-5588-430D-86A3-B3C7E37C08B9}.Release|x86.ActiveCfg = Release|x86
		{F489CA17-5588-430D-86A3-B3C7E37C08B9}.Release|x86.Build.0 = Release|x86
		{F489CA17-5588-430D-86A3-B3C7E37C08B9}.Release|x86.Deploy.0 = Release|x86
		{2E7E6E75-4959-4C58-BE96-AB669D7522CA}.Debug|Any CPU.ActiveCfg = Debug|Any CPU
		{2E7E6E75-4959-4C58-BE96-AB669D7522CA}.Debug|Any CPU.Build.0 = Debug|Any CPU
		{2E7E6E75-4959-4C58-BE96-AB669D7522CA}.Debug|Any CPU.Deploy.0 = Debug|Any CPU
		{2E7E6E75-4959-4C58-BE96-AB669D7522CA}.Debug|ARM.ActiveCfg = Debug|Any CPU
		{2E7E6E75-4959-4C58-BE96-AB669D7522CA}.Debug|ARM.Build.0 = Debug|Any CPU
		{2E7E6E75-4959-4C58-BE96-AB669D7522CA}.Debug|ARM.Deploy.0 = Debug|Any CPU
		{2E7E6E75-4959-4C58-BE96-AB669D7522CA}.Debug|iPhone.ActiveCfg = Debug|Any CPU
		{2E7E6E75-4959-4C58-BE96-AB669D7522CA}.Debug|iPhone.Build.0 = Debug|Any CPU
		{2E7E6E75-4959-4C58-BE96-AB669D7522CA}.Debug|iPhone.Deploy.0 = Debug|Any CPU
		{2E7E6E75-4959-4C58-BE96-AB669D7522CA}.Debug|iPhoneSimulator.ActiveCfg = Debug|Any CPU
		{2E7E6E75-4959-4C58-BE96-AB669D7522CA}.Debug|iPhoneSimulator.Build.0 = Debug|Any CPU
		{2E7E6E75-4959-4C58-BE96-AB669D7522CA}.Debug|iPhoneSimulator.Deploy.0 = Debug|Any CPU
		{2E7E6E75-4959-4C58-BE96-AB669D7522CA}.Debug|x64.ActiveCfg = Debug|Any CPU
		{2E7E6E75-4959-4C58-BE96-AB669D7522CA}.Debug|x64.Build.0 = Debug|Any CPU
		{2E7E6E75-4959-4C58-BE96-AB669D7522CA}.Debug|x64.Deploy.0 = Debug|Any CPU
		{2E7E6E75-4959-4C58-BE96-AB669D7522CA}.Debug|x86.ActiveCfg = Debug|Any CPU
		{2E7E6E75-4959-4C58-BE96-AB669D7522CA}.Debug|x86.Build.0 = Debug|Any CPU
		{2E7E6E75-4959-4C58-BE96-AB669D7522CA}.Debug|x86.Deploy.0 = Debug|Any CPU
		{2E7E6E75-4959-4C58-BE96-AB669D7522CA}.Release|Any CPU.ActiveCfg = Release|Any CPU
		{2E7E6E75-4959-4C58-BE96-AB669D7522CA}.Release|Any CPU.Build.0 = Release|Any CPU
		{2E7E6E75-4959-4C58-BE96-AB669D7522CA}.Release|Any CPU.Deploy.0 = Release|Any CPU
		{2E7E6E75-4959-4C58-BE96-AB669D7522CA}.Release|ARM.ActiveCfg = Release|Any CPU
		{2E7E6E75-4959-4C58-BE96-AB669D7522CA}.Release|ARM.Build.0 = Release|Any CPU
		{2E7E6E75-4959-4C58-BE96-AB669D7522CA}.Release|ARM.Deploy.0 = Release|Any CPU
		{2E7E6E75-4959-4C58-BE96-AB669D7522CA}.Release|iPhone.ActiveCfg = Release|Any CPU
		{2E7E6E75-4959-4C58-BE96-AB669D7522CA}.Release|iPhone.Build.0 = Release|Any CPU
		{2E7E6E75-4959-4C58-BE96-AB669D7522CA}.Release|iPhone.Deploy.0 = Release|Any CPU
		{2E7E6E75-4959-4C58-BE96-AB669D7522CA}.Release|iPhoneSimulator.ActiveCfg = Release|Any CPU
		{2E7E6E75-4959-4C58-BE96-AB669D7522CA}.Release|iPhoneSimulator.Build.0 = Release|Any CPU
		{2E7E6E75-4959-4C58-BE96-AB669D7522CA}.Release|iPhoneSimulator.Deploy.0 = Release|Any CPU
		{2E7E6E75-4959-4C58-BE96-AB669D7522CA}.Release|x64.ActiveCfg = Release|Any CPU
		{2E7E6E75-4959-4C58-BE96-AB669D7522CA}.Release|x64.Build.0 = Release|Any CPU
		{2E7E6E75-4959-4C58-BE96-AB669D7522CA}.Release|x64.Deploy.0 = Release|Any CPU
		{2E7E6E75-4959-4C58-BE96-AB669D7522CA}.Release|x86.ActiveCfg = Release|Any CPU
		{2E7E6E75-4959-4C58-BE96-AB669D7522CA}.Release|x86.Build.0 = Release|Any CPU
		{2E7E6E75-4959-4C58-BE96-AB669D7522CA}.Release|x86.Deploy.0 = Release|Any CPU
		{4B5A944E-8C8C-4B40-834E-70AD74C38808}.Debug|Any CPU.ActiveCfg = Debug|iPhone
		{4B5A944E-8C8C-4B40-834E-70AD74C38808}.Debug|Any CPU.Build.0 = Debug|iPhone
		{4B5A944E-8C8C-4B40-834E-70AD74C38808}.Debug|Any CPU.Deploy.0 = Debug|iPhone
		{4B5A944E-8C8C-4B40-834E-70AD74C38808}.Debug|ARM.ActiveCfg = Debug|iPhone
		{4B5A944E-8C8C-4B40-834E-70AD74C38808}.Debug|ARM.Build.0 = Debug|iPhone
		{4B5A944E-8C8C-4B40-834E-70AD74C38808}.Debug|ARM.Deploy.0 = Debug|iPhone
		{4B5A944E-8C8C-4B40-834E-70AD74C38808}.Debug|iPhone.ActiveCfg = Debug|iPhone
		{4B5A944E-8C8C-4B40-834E-70AD74C38808}.Debug|iPhone.Build.0 = Debug|iPhone
		{4B5A944E-8C8C-4B40-834E-70AD74C38808}.Debug|iPhone.Deploy.0 = Debug|iPhone
		{4B5A944E-8C8C-4B40-834E-70AD74C38808}.Debug|iPhoneSimulator.ActiveCfg = Debug|iPhoneSimulator
		{4B5A944E-8C8C-4B40-834E-70AD74C38808}.Debug|iPhoneSimulator.Build.0 = Debug|iPhoneSimulator
		{4B5A944E-8C8C-4B40-834E-70AD74C38808}.Debug|iPhoneSimulator.Deploy.0 = Debug|iPhoneSimulator
		{4B5A944E-8C8C-4B40-834E-70AD74C38808}.Debug|x64.ActiveCfg = Debug|iPhone
		{4B5A944E-8C8C-4B40-834E-70AD74C38808}.Debug|x64.Build.0 = Debug|iPhone
		{4B5A944E-8C8C-4B40-834E-70AD74C38808}.Debug|x64.Deploy.0 = Debug|iPhone
		{4B5A944E-8C8C-4B40-834E-70AD74C38808}.Debug|x86.ActiveCfg = Debug|iPhone
		{4B5A944E-8C8C-4B40-834E-70AD74C38808}.Debug|x86.Build.0 = Debug|iPhone
		{4B5A944E-8C8C-4B40-834E-70AD74C38808}.Debug|x86.Deploy.0 = Debug|iPhone
		{4B5A944E-8C8C-4B40-834E-70AD74C38808}.Release|Any CPU.ActiveCfg = Release|iPhone
		{4B5A944E-8C8C-4B40-834E-70AD74C38808}.Release|Any CPU.Build.0 = Release|iPhone
		{4B5A944E-8C8C-4B40-834E-70AD74C38808}.Release|Any CPU.Deploy.0 = Release|iPhone
		{4B5A944E-8C8C-4B40-834E-70AD74C38808}.Release|ARM.ActiveCfg = Release|iPhone
		{4B5A944E-8C8C-4B40-834E-70AD74C38808}.Release|ARM.Build.0 = Release|iPhone
		{4B5A944E-8C8C-4B40-834E-70AD74C38808}.Release|ARM.Deploy.0 = Release|iPhone
		{4B5A944E-8C8C-4B40-834E-70AD74C38808}.Release|iPhone.ActiveCfg = Release|iPhone
		{4B5A944E-8C8C-4B40-834E-70AD74C38808}.Release|iPhone.Build.0 = Release|iPhone
		{4B5A944E-8C8C-4B40-834E-70AD74C38808}.Release|iPhone.Deploy.0 = Release|iPhone
		{4B5A944E-8C8C-4B40-834E-70AD74C38808}.Release|iPhoneSimulator.ActiveCfg = Release|iPhoneSimulator
		{4B5A944E-8C8C-4B40-834E-70AD74C38808}.Release|iPhoneSimulator.Build.0 = Release|iPhoneSimulator
		{4B5A944E-8C8C-4B40-834E-70AD74C38808}.Release|iPhoneSimulator.Deploy.0 = Release|iPhoneSimulator
		{4B5A944E-8C8C-4B40-834E-70AD74C38808}.Release|x64.ActiveCfg = Release|iPhone
		{4B5A944E-8C8C-4B40-834E-70AD74C38808}.Release|x64.Build.0 = Release|iPhone
		{4B5A944E-8C8C-4B40-834E-70AD74C38808}.Release|x64.Deploy.0 = Release|iPhone
		{4B5A944E-8C8C-4B40-834E-70AD74C38808}.Release|x86.ActiveCfg = Release|iPhone
		{4B5A944E-8C8C-4B40-834E-70AD74C38808}.Release|x86.Build.0 = Release|iPhone
		{4B5A944E-8C8C-4B40-834E-70AD74C38808}.Release|x86.Deploy.0 = Release|iPhone
		{AB401482-C3D1-47AE-8975-A9500769C7BF}.Debug|Any CPU.ActiveCfg = Debug|Any CPU
		{AB401482-C3D1-47AE-8975-A9500769C7BF}.Debug|Any CPU.Build.0 = Debug|Any CPU
		{AB401482-C3D1-47AE-8975-A9500769C7BF}.Debug|Any CPU.Deploy.0 = Debug|Any CPU
		{AB401482-C3D1-47AE-8975-A9500769C7BF}.Debug|ARM.ActiveCfg = Debug|Any CPU
		{AB401482-C3D1-47AE-8975-A9500769C7BF}.Debug|ARM.Build.0 = Debug|Any CPU
		{AB401482-C3D1-47AE-8975-A9500769C7BF}.Debug|ARM.Deploy.0 = Debug|Any CPU
		{AB401482-C3D1-47AE-8975-A9500769C7BF}.Debug|iPhone.ActiveCfg = Debug|Any CPU
		{AB401482-C3D1-47AE-8975-A9500769C7BF}.Debug|iPhone.Build.0 = Debug|Any CPU
		{AB401482-C3D1-47AE-8975-A9500769C7BF}.Debug|iPhone.Deploy.0 = Debug|Any CPU
		{AB401482-C3D1-47AE-8975-A9500769C7BF}.Debug|iPhoneSimulator.ActiveCfg = Debug|Any CPU
		{AB401482-C3D1-47AE-8975-A9500769C7BF}.Debug|iPhoneSimulator.Build.0 = Debug|Any CPU
		{AB401482-C3D1-47AE-8975-A9500769C7BF}.Debug|iPhoneSimulator.Deploy.0 = Debug|Any CPU
		{AB401482-C3D1-47AE-8975-A9500769C7BF}.Debug|x64.ActiveCfg = Debug|Any CPU
		{AB401482-C3D1-47AE-8975-A9500769C7BF}.Debug|x64.Build.0 = Debug|Any CPU
		{AB401482-C3D1-47AE-8975-A9500769C7BF}.Debug|x64.Deploy.0 = Debug|Any CPU
		{AB401482-C3D1-47AE-8975-A9500769C7BF}.Debug|x86.ActiveCfg = Debug|Any CPU
		{AB401482-C3D1-47AE-8975-A9500769C7BF}.Debug|x86.Build.0 = Debug|Any CPU
		{AB401482-C3D1-47AE-8975-A9500769C7BF}.Debug|x86.Deploy.0 = Debug|Any CPU
		{AB401482-C3D1-47AE-8975-A9500769C7BF}.Release|Any CPU.ActiveCfg = Release|Any CPU
		{AB401482-C3D1-47AE-8975-A9500769C7BF}.Release|Any CPU.Build.0 = Release|Any CPU
		{AB401482-C3D1-47AE-8975-A9500769C7BF}.Release|Any CPU.Deploy.0 = Release|Any CPU
		{AB401482-C3D1-47AE-8975-A9500769C7BF}.Release|ARM.ActiveCfg = Release|Any CPU
		{AB401482-C3D1-47AE-8975-A9500769C7BF}.Release|ARM.Build.0 = Release|Any CPU
		{AB401482-C3D1-47AE-8975-A9500769C7BF}.Release|ARM.Deploy.0 = Release|Any CPU
		{AB401482-C3D1-47AE-8975-A9500769C7BF}.Release|iPhone.ActiveCfg = Release|Any CPU
		{AB401482-C3D1-47AE-8975-A9500769C7BF}.Release|iPhone.Build.0 = Release|Any CPU
		{AB401482-C3D1-47AE-8975-A9500769C7BF}.Release|iPhone.Deploy.0 = Release|Any CPU
		{AB401482-C3D1-47AE-8975-A9500769C7BF}.Release|iPhoneSimulator.ActiveCfg = Release|Any CPU
		{AB401482-C3D1-47AE-8975-A9500769C7BF}.Release|iPhoneSimulator.Build.0 = Release|Any CPU
		{AB401482-C3D1-47AE-8975-A9500769C7BF}.Release|iPhoneSimulator.Deploy.0 = Release|Any CPU
		{AB401482-C3D1-47AE-8975-A9500769C7BF}.Release|x64.ActiveCfg = Release|Any CPU
		{AB401482-C3D1-47AE-8975-A9500769C7BF}.Release|x64.Build.0 = Release|Any CPU
		{AB401482-C3D1-47AE-8975-A9500769C7BF}.Release|x64.Deploy.0 = Release|Any CPU
		{AB401482-C3D1-47AE-8975-A9500769C7BF}.Release|x86.ActiveCfg = Release|Any CPU
		{AB401482-C3D1-47AE-8975-A9500769C7BF}.Release|x86.Build.0 = Release|Any CPU
		{AB401482-C3D1-47AE-8975-A9500769C7BF}.Release|x86.Deploy.0 = Release|Any CPU
	EndGlobalSection
	GlobalSection(SolutionProperties) = preSolution
		HideSolutionNode = FALSE
	EndGlobalSection
	GlobalSection(ExtensibilityGlobals) = postSolution
		SolutionGuid = {849FFA27-5F9E-4A7A-A7EC-5420ED8B7FCC}
	EndGlobalSection
EndGlobal
